
Microsoft Visual Studio Solution File, Format Version 12.00
# Visual Studio Version 16
VisualStudioVersion = 16.0.31019.35
MinimumVisualStudioVersion = 10.0.40219.1
Project("{9A19103F-16F7-4668-BE54-9A1E7A4F7556}") = "Pokedex.Api", "Pokedex.Api\Pokedex.Api.csproj", "{93F79D0F-0B53-42B3-83F3-EF9C7E838D46}"
EndProject
Project("{9A19103F-16F7-4668-BE54-9A1E7A4F7556}") = "Pokedex.Services", "Pokedex.Services\Pokedex.Services.csproj", "{4FC44631-DC39-4191-A7FD-A68D983404F3}"
EndProject
Project("{9A19103F-16F7-4668-BE54-9A1E7A4F7556}") = "Pokedex.Common", "Pokedex.Model\Pokedex.Common.csproj", "{B44DAE1B-34E2-4AAD-8CDF-BE03C3638B65}"
EndProject
Project("{FAE04EC0-301F-11D3-BF4B-00C04F79EFBC}") = "Pokedex.Services.Translator", "Pokedex.Services.Translator\Pokedex.Services.Translator.csproj", "{A0F6FA08-C512-496E-8CF5-3F934708198E}"
EndProject
Global
	GlobalSection(SolutionConfigurationPlatforms) = preSolution
		Debug|Any CPU = Debug|Any CPU
		Release|Any CPU = Release|Any CPU
	EndGlobalSection
	GlobalSection(ProjectConfigurationPlatforms) = postSolution
		{93F79D0F-0B53-42B3-83F3-EF9C7E838D46}.Debug|Any CPU.ActiveCfg = Debug|Any CPU
		{93F79D0F-0B53-42B3-83F3-EF9C7E838D46}.Debug|Any CPU.Build.0 = Debug|Any CPU
		{93F79D0F-0B53-42B3-83F3-EF9C7E838D46}.Release|Any CPU.ActiveCfg = Release|Any CPU
		{93F79D0F-0B53-42B3-83F3-EF9C7E838D46}.Release|Any CPU.Build.0 = Release|Any CPU
		{4FC44631-DC39-4191-A7FD-A68D983404F3}.Debug|Any CPU.ActiveCfg = Debug|Any CPU
		{4FC44631-DC39-4191-A7FD-A68D983404F3}.Debug|Any CPU.Build.0 = Debug|Any CPU
		{4FC44631-DC39-4191-A7FD-A68D983404F3}.Release|Any CPU.ActiveCfg = Release|Any CPU
		{4FC44631-DC39-4191-A7FD-A68D983404F3}.Release|Any CPU.Build.0 = Release|Any CPU
		{B44DAE1B-34E2-4AAD-8CDF-BE03C3638B65}.Debug|Any CPU.ActiveCfg = Debug|Any CPU
		{B44DAE1B-34E2-4AAD-8CDF-BE03C3638B65}.Debug|Any CPU.Build.0 = Debug|Any CPU
		{B44DAE1B-34E2-4AAD-8CDF-BE03C3638B65}.Release|Any CPU.ActiveCfg = Release|Any CPU
		{B44DAE1B-34E2-4AAD-8CDF-BE03C3638B65}.Release|Any CPU.Build.0 = Release|Any CPU
		{A0F6FA08-C512-496E-8CF5-3F934708198E}.Debug|Any CPU.ActiveCfg = Debug|Any CPU
		{A0F6FA08-C512-496E-8CF5-3F934708198E}.Debug|Any CPU.Build.0 = Debug|Any CPU
		{A0F6FA08-C512-496E-8CF5-3F934708198E}.Release|Any CPU.ActiveCfg = Release|Any CPU
		{A0F6FA08-C512-496E-8CF5-3F934708198E}.Release|Any CPU.Build.0 = Release|Any CPU
	EndGlobalSection
	GlobalSection(SolutionProperties) = preSolution
		HideSolutionNode = FALSE
	EndGlobalSection
	GlobalSection(ExtensibilityGlobals) = postSolution
		SolutionGuid = {C5F997D1-2571-4330-954E-89BB0D3F5824}
	EndGlobalSection
EndGlobal
