
Microsoft Visual Studio Solution File, Format Version 12.00
# Visual Studio Version 16
VisualStudioVersion = 16.0.31019.35
MinimumVisualStudioVersion = 10.0.40219.1
Project("{9A19103F-16F7-4668-BE54-9A1E7A4F7556}") = "Pokedex.Api", "Pokedex.Api\Pokedex.Api.csproj", "{93F79D0F-0B53-42B3-83F3-EF9C7E838D46}"
EndProject
Project("{9A19103F-16F7-4668-BE54-9A1E7A4F7556}") = "Pokedex.Services", "Pokedex.Services\Pokedex.Services.csproj", "{4FC44631-DC39-4191-A7FD-A68D983404F3}"
EndProject
Project("{9A19103F-16F7-4668-BE54-9A1E7A4F7556}") = "Pokedex.Common", "Pokedex.Model\Pokedex.Common.csproj", "{B44DAE1B-34E2-4AAD-8CDF-BE03C3638B65}"
EndProject
Project("{9A19103F-16F7-4668-BE54-9A1E7A4F7556}") = "Pokedex.Services.Translator", "Pokedex.Services.Translator\Pokedex.Services.Translator.csproj", "{A0F6FA08-C512-496E-8CF5-3F934708198E}"
EndProject
Project("{2150E333-8FDC-42A3-9474-1A3956D46DE8}") = "Tests", "Tests", "{21FD2708-CA4E-4941-B58E-0F9D6B1077C4}"
EndProject
Project("{9A19103F-16F7-4668-BE54-9A1E7A4F7556}") = "Pokedex.Services.Tests", "Pokedex.Services.Tests\Pokedex.Services.Tests.csproj", "{C6CBC81E-DF35-4AF6-8FB0-090F2E72F268}"
EndProject
Project("{9A19103F-16F7-4668-BE54-9A1E7A4F7556}") = "Pokedex.Services.Translator.Tests", "Pokedex.Services.Translator.Tests\Pokedex.Services.Translator.Tests.csproj", "{13B8A765-1F43-4BDA-ABD1-1F91EB94DADE}"
EndProject
Project("{2150E333-8FDC-42A3-9474-1A3956D46DE8}") = "IntegrationTests", "IntegrationTests", "{0081B779-A688-4B22-BE30-25357206D90E}"
EndProject
Project("{FAE04EC0-301F-11D3-BF4B-00C04F79EFBC}") = "Pokedex.Api.Tests", "Pokedex.Api.Tests\Pokedex.Api.Tests.csproj", "{025AE13D-B752-4B4B-AB41-4FACC1F0F872}"
EndProject
Global
	GlobalSection(SolutionConfigurationPlatforms) = preSolution
		Debug|Any CPU = Debug|Any CPU
		Release|Any CPU = Release|Any CPU
	EndGlobalSection
	GlobalSection(ProjectConfigurationPlatforms) = postSolution
		{93F79D0F-0B53-42B3-83F3-EF9C7E838D46}.Debug|Any CPU.ActiveCfg = Debug|Any CPU
		{93F79D0F-0B53-42B3-83F3-EF9C7E838D46}.Debug|Any CPU.Build.0 = Debug|Any CPU
		{93F79D0F-0B53-42B3-83F3-EF9C7E838D46}.Release|Any CPU.ActiveCfg = Release|Any CPU
		{93F79D0F-0B53-42B3-83F3-EF9C7E838D46}.Release|Any CPU.Build.0 = Release|Any CPU
		{4FC44631-DC39-4191-A7FD-A68D983404F3}.Debug|Any CPU.ActiveCfg = Debug|Any CPU
		{4FC44631-DC39-4191-A7FD-A68D983404F3}.Debug|Any CPU.Build.0 = Debug|Any CPU
		{4FC44631-DC39-4191-A7FD-A68D983404F3}.Release|Any CPU.ActiveCfg = Release|Any CPU
		{4FC44631-DC39-4191-A7FD-A68D983404F3}.Release|Any CPU.Build.0 = Release|Any CPU
		{B44DAE1B-34E2-4AAD-8CDF-BE03C3638B65}.Debug|Any CPU.ActiveCfg = Debug|Any CPU
		{B44DAE1B-34E2-4AAD-8CDF-BE03C3638B65}.Debug|Any CPU.Build.0 = Debug|Any CPU
		{B44DAE1B-34E2-4AAD-8CDF-BE03C3638B65}.Release|Any CPU.ActiveCfg = Release|Any CPU
		{B44DAE1B-34E2-4AAD-8CDF-BE03C3638B65}.Release|Any CPU.Build.0 = Release|Any CPU
		{A0F6FA08-C512-496E-8CF5-3F934708198E}.Debug|Any CPU.ActiveCfg = Debug|Any CPU
		{A0F6FA08-C512-496E-8CF5-3F934708198E}.Debug|Any CPU.Build.0 = Debug|Any CPU
		{A0F6FA08-C512-496E-8CF5-3F934708198E}.Release|Any CPU.ActiveCfg = Release|Any CPU
		{A0F6FA08-C512-496E-8CF5-3F934708198E}.Release|Any CPU.Build.0 = Release|Any CPU
		{C6CBC81E-DF35-4AF6-8FB0-090F2E72F268}.Debug|Any CPU.ActiveCfg = Debug|Any CPU
		{C6CBC81E-DF35-4AF6-8FB0-090F2E72F268}.Debug|Any CPU.Build.0 = Debug|Any CPU
		{C6CBC81E-DF35-4AF6-8FB0-090F2E72F268}.Release|Any CPU.ActiveCfg = Release|Any CPU
		{C6CBC81E-DF35-4AF6-8FB0-090F2E72F268}.Release|Any CPU.Build.0 = Release|Any CPU
		{13B8A765-1F43-4BDA-ABD1-1F91EB94DADE}.Debug|Any CPU.ActiveCfg = Debug|Any CPU
		{13B8A765-1F43-4BDA-ABD1-1F91EB94DADE}.Debug|Any CPU.Build.0 = Debug|Any CPU
		{13B8A765-1F43-4BDA-ABD1-1F91EB94DADE}.Release|Any CPU.ActiveCfg = Release|Any CPU
		{13B8A765-1F43-4BDA-ABD1-1F91EB94DADE}.Release|Any CPU.Build.0 = Release|Any CPU
		{025AE13D-B752-4B4B-AB41-4FACC1F0F872}.Debug|Any CPU.ActiveCfg = Debug|Any CPU
		{025AE13D-B752-4B4B-AB41-4FACC1F0F872}.Debug|Any CPU.Build.0 = Debug|Any CPU
		{025AE13D-B752-4B4B-AB41-4FACC1F0F872}.Release|Any CPU.ActiveCfg = Release|Any CPU
		{025AE13D-B752-4B4B-AB41-4FACC1F0F872}.Release|Any CPU.Build.0 = Release|Any CPU
	EndGlobalSection
	GlobalSection(SolutionProperties) = preSolution
		HideSolutionNode = FALSE
	EndGlobalSection
	GlobalSection(NestedProjects) = preSolution
		{C6CBC81E-DF35-4AF6-8FB0-090F2E72F268} = {21FD2708-CA4E-4941-B58E-0F9D6B1077C4}
		{13B8A765-1F43-4BDA-ABD1-1F91EB94DADE} = {21FD2708-CA4E-4941-B58E-0F9D6B1077C4}
		{0081B779-A688-4B22-BE30-25357206D90E} = {21FD2708-CA4E-4941-B58E-0F9D6B1077C4}
		{025AE13D-B752-4B4B-AB41-4FACC1F0F872} = {0081B779-A688-4B22-BE30-25357206D90E}
	EndGlobalSection
	GlobalSection(ExtensibilityGlobals) = postSolution
		SolutionGuid = {C5F997D1-2571-4330-954E-89BB0D3F5824}
	EndGlobalSection
EndGlobal
